
Microsoft Visual Studio Solution File, Format Version 12.00
# Visual Studio Version 16
VisualStudioVersion = 16.0.30413.136
MinimumVisualStudioVersion = 10.0.40219.1
Project("{FAE04EC0-301F-11D3-BF4B-00C04F79EFBC}") = "EShopSolution.Web", "EShopSolution.Web\EShopSolution.Web.csproj", "{E670C1E3-4B3B-4023-94CF-9999DD18C7F5}"
EndProject
Global
	GlobalSection(SolutionConfigurationPlatforms) = preSolution
		Debug|Any CPU = Debug|Any CPU
		Release|Any CPU = Release|Any CPU
	EndGlobalSection
	GlobalSection(ProjectConfigurationPlatforms) = postSolution
		{E670C1E3-4B3B-4023-94CF-9999DD18C7F5}.Debug|Any CPU.ActiveCfg = Debug|Any CPU
		{E670C1E3-4B3B-4023-94CF-9999DD18C7F5}.Debug|Any CPU.Build.0 = Debug|Any CPU
		{E670C1E3-4B3B-4023-94CF-9999DD18C7F5}.Release|Any CPU.ActiveCfg = Release|Any CPU
		{E670C1E3-4B3B-4023-94CF-9999DD18C7F5}.Release|Any CPU.Build.0 = Release|Any CPU
	EndGlobalSection
	GlobalSection(SolutionProperties) = preSolution
		HideSolutionNode = FALSE
	EndGlobalSection
	GlobalSection(ExtensibilityGlobals) = postSolution
		SolutionGuid = {675EE133-57CB-4E32-9E12-0E770785C87A}
	EndGlobalSection
EndGlobal
